{
  "object": {
    "pins": [
      {
        "package": "SwiftDocCPlugin",
        "repositoryURL": "https://github.com/apple/swift-docc-plugin",
        "state": {
          "branch": null,
          "revision": "9b1258905c21fc1b97bf03d1b4ca12c4ec4e5fda",
          "version": "1.2.0"
        }
      },
      {
        "package": "SymbolKit",
        "repositoryURL": "https://github.com/apple/swift-docc-symbolkit",
        "state": {
          "branch": null,
          "revision": "b45d1f2ed151d057b54504d653e0da5552844e34",
          "version": "1.0.0"
        }
      },
      {
        "package": "SwiftLibs",
        "repositoryURL": "https://github.com/rock-n-code/swift-libs.git",
        "state": {
          "branch": null,
          "revision": "4a1fab2f8a758a53376102bae14981f97540cab2",
          "version": "0.1.3"
        }
      }
    ]
  },
  "version": 1
}
